{
    "_readme": [
        "This file locks the dependencies of your project to a known state",
        "Read more about it at https://getcomposer.org/doc/01-basic-usage.md#installing-dependencies",
        "This file is @generated automatically"
    ],
    "content-hash": "80573604712ddeb0f85923237c7b03b7",
    "packages": [
        {
            "name": "laswitchtech/php-logger",
            "version": "v1.0.10",
            "source": {
                "type": "git",
                "url": "https://github.com/LouisOuellet/php-logger.git",
                "reference": "d8a7f1008ece79be377f8d4403757692f443f417"
            },
            "dist": {
                "type": "zip",
                "url": "https://api.github.com/repos/LouisOuellet/php-logger/zipball/d8a7f1008ece79be377f8d4403757692f443f417",
                "reference": "d8a7f1008ece79be377f8d4403757692f443f417",
                "shasum": ""
            },
            "type": "library",
            "autoload": {
                "psr-4": {
                    "LaswitchTech\\phpLogger\\": "src/"
                }
            },
            "notification-url": "https://packagist.org/downloads/",
            "license": [
                "GPL-3.0-only"
            ],
            "authors": [
                {
                    "name": "Louis Ouellet",
                    "email": "louis_ouellet@hotmail.com"
                }
            ],
            "description": "Easy to use logging library for PHP",
            "support": {
                "issues": "https://github.com/LouisOuellet/php-logger/issues",
                "source": "https://github.com/LouisOuellet/php-logger/tree/v1.0.10"
            },
            "time": "2023-03-10T20:20:42+00:00"
        }
    ],
    "packages-dev": [],
    "aliases": [],
    "minimum-stability": "stable",
    "stability-flags": [],
    "prefer-stable": false,
    "prefer-lowest": false,
    "platform": {
        "php": "*"
    },
    "platform-dev": [],
    "plugin-api-version": "2.3.0"
}
